
Microsoft Visual Studio Solution File, Format Version 12.00
# Visual Studio Version 16
VisualStudioVersion = 16.0.35425.106
MinimumVisualStudioVersion = 10.0.40219.1
Project("{FAE04EC0-301F-11D3-BF4B-00C04F79EFBC}") = "studentdetails", "studentdetails\studentdetails.csproj", "{A5F6F674-BBFD-4ABB-9BE4-1C4B78EA8638}"
EndProject
Global
	GlobalSection(SolutionConfigurationPlatforms) = preSolution
		Debug|Any CPU = Debug|Any CPU
		Release|Any CPU = Release|Any CPU
	EndGlobalSection
	GlobalSection(ProjectConfigurationPlatforms) = postSolution
		{A5F6F674-BBFD-4ABB-9BE4-1C4B78EA8638}.Debug|Any CPU.ActiveCfg = Debug|Any CPU
		{A5F6F674-BBFD-4ABB-9BE4-1C4B78EA8638}.Debug|Any CPU.Build.0 = Debug|Any CPU
		{A5F6F674-BBFD-4ABB-9BE4-1C4B78EA8638}.Release|Any CPU.ActiveCfg = Release|Any CPU
		{A5F6F674-BBFD-4ABB-9BE4-1C4B78EA8638}.Release|Any CPU.Build.0 = Release|Any CPU
	EndGlobalSection
	GlobalSection(SolutionProperties) = preSolution
		HideSolutionNode = FALSE
	EndGlobalSection
	GlobalSection(ExtensibilityGlobals) = postSolution
		SolutionGuid = {37E2F7B8-9908-4A33-8692-8532245D25DD}
	EndGlobalSection
EndGlobal
